
Microsoft Visual Studio Solution File, Format Version 12.00
Project("{FAE04EC0-301F-11D3-BF4B-00C04F79EFBC}") = "HouseOnSale", "HouseOnSale\HouseOnSale.csproj", "{3F3E6C24-CAE9-4CD7-9646-F68A830F0EBD}"
EndProject
Global
	GlobalSection(SolutionConfigurationPlatforms) = preSolution
		Debug|Any CPU = Debug|Any CPU
		Release|Any CPU = Release|Any CPU
	EndGlobalSection
	GlobalSection(ProjectConfigurationPlatforms) = postSolution
		{3F3E6C24-CAE9-4CD7-9646-F68A830F0EBD}.Debug|Any CPU.ActiveCfg = Debug|Any CPU
		{3F3E6C24-CAE9-4CD7-9646-F68A830F0EBD}.Debug|Any CPU.Build.0 = Debug|Any CPU
		{3F3E6C24-CAE9-4CD7-9646-F68A830F0EBD}.Release|Any CPU.ActiveCfg = Release|Any CPU
		{3F3E6C24-CAE9-4CD7-9646-F68A830F0EBD}.Release|Any CPU.Build.0 = Release|Any CPU
	EndGlobalSection
EndGlobal
